// !$*UTF8*$!
{
	archiveVersion = 1;
	classes = {
	};
	objectVersion = 46;
	objects = {

/* Begin PBXBuildFile section */
		CC8039621D2FFC2D005C1BC1 /* AppDelegate.swift in Sources */ = {isa = PBXBuildFile; fileRef = CC8039611D2FFC2D005C1BC1 /* AppDelegate.swift */; };
		CC8039641D2FFC2D005C1BC1 /* ViewController.swift in Sources */ = {isa = PBXBuildFile; fileRef = CC8039631D2FFC2D005C1BC1 /* ViewController.swift */; };
		CC8039671D2FFC2D005C1BC1 /* Main.storyboard in Resources */ = {isa = PBXBuildFile; fileRef = CC8039651D2FFC2D005C1BC1 /* Main.storyboard */; };
		CC80396C1D2FFC2D005C1BC1 /* Assets.xcassets in Resources */ = {isa = PBXBuildFile; fileRef = CC80396B1D2FFC2D005C1BC1 /* Assets.xcassets */; };
		CC80396F1D2FFC2D005C1BC1 /* LaunchScreen.storyboard in Resources */ = {isa = PBXBuildFile; fileRef = CC80396D1D2FFC2D005C1BC1 /* LaunchScreen.storyboard */; };
		CC8039871D300046005C1BC1 /* Group+CoreDataProperties.swift in Sources */ = {isa = PBXBuildFile; fileRef = CC8039861D300046005C1BC1 /* Group+CoreDataProperties.swift */; };
		CC8039891D300053005C1BC1 /* Group.swift in Sources */ = {isa = PBXBuildFile; fileRef = CC8039881D300053005C1BC1 /* Group.swift */; };
		CC80398C1D300089005C1BC1 /* Pair.xcdatamodeld in Sources */ = {isa = PBXBuildFile; fileRef = CC80398A1D300089005C1BC1 /* Pair.xcdatamodeld */; };
		CC80398F1D300152005C1BC1 /* Person+CoreDataProperties.swift in Sources */ = {isa = PBXBuildFile; fileRef = CC80398D1D300152005C1BC1 /* Person+CoreDataProperties.swift */; };
		CC8039901D300152005C1BC1 /* Person.swift in Sources */ = {isa = PBXBuildFile; fileRef = CC80398E1D300152005C1BC1 /* Person.swift */; };
		CC8039931D3001BB005C1BC1 /* Stack.swift in Sources */ = {isa = PBXBuildFile; fileRef = CC8039921D3001BB005C1BC1 /* Stack.swift */; };
/* End PBXBuildFile section */

/* Begin PBXFileReference section */
		CC80395E1D2FFC2D005C1BC1 /* Pair.app */ = {isa = PBXFileReference; explicitFileType = wrapper.application; includeInIndex = 0; path = Pair.app; sourceTree = BUILT_PRODUCTS_DIR; };
		CC8039611D2FFC2D005C1BC1 /* AppDelegate.swift */ = {isa = PBXFileReference; lastKnownFileType = sourcecode.swift; path = AppDelegate.swift; sourceTree = "<group>"; };
		CC8039631D2FFC2D005C1BC1 /* ViewController.swift */ = {isa = PBXFileReference; lastKnownFileType = sourcecode.swift; path = ViewController.swift; sourceTree = "<group>"; };
		CC8039661D2FFC2D005C1BC1 /* Base */ = {isa = PBXFileReference; lastKnownFileType = file.storyboard; name = Base; path = Base.lproj/Main.storyboard; sourceTree = "<group>"; };
		CC80396B1D2FFC2D005C1BC1 /* Assets.xcassets */ = {isa = PBXFileReference; lastKnownFileType = folder.assetcatalog; path = Assets.xcassets; sourceTree = "<group>"; };
		CC80396E1D2FFC2D005C1BC1 /* Base */ = {isa = PBXFileReference; lastKnownFileType = file.storyboard; name = Base; path = Base.lproj/LaunchScreen.storyboard; sourceTree = "<group>"; };
		CC8039701D2FFC2D005C1BC1 /* Info.plist */ = {isa = PBXFileReference; lastKnownFileType = text.plist.xml; path = Info.plist; sourceTree = "<group>"; };
		CC8039861D300046005C1BC1 /* Group+CoreDataProperties.swift */ = {isa = PBXFileReference; fileEncoding = 4; lastKnownFileType = sourcecode.swift; path = "Group+CoreDataProperties.swift"; sourceTree = SOURCE_ROOT; };
		CC8039881D300053005C1BC1 /* Group.swift */ = {isa = PBXFileReference; fileEncoding = 4; lastKnownFileType = sourcecode.swift; path = Group.swift; sourceTree = SOURCE_ROOT; };
		CC80398B1D300089005C1BC1 /* Pair.xcdatamodel */ = {isa = PBXFileReference; lastKnownFileType = wrapper.xcdatamodel; path = Pair.xcdatamodel; sourceTree = "<group>"; };
		CC80398D1D300152005C1BC1 /* Person+CoreDataProperties.swift */ = {isa = PBXFileReference; fileEncoding = 4; lastKnownFileType = sourcecode.swift; path = "Person+CoreDataProperties.swift"; sourceTree = "<group>"; };
		CC80398E1D300152005C1BC1 /* Person.swift */ = {isa = PBXFileReference; fileEncoding = 4; lastKnownFileType = sourcecode.swift; path = Person.swift; sourceTree = "<group>"; };
		CC8039921D3001BB005C1BC1 /* Stack.swift */ = {isa = PBXFileReference; fileEncoding = 4; lastKnownFileType = sourcecode.swift; path = Stack.swift; sourceTree = "<group>"; };
/* End PBXFileReference section */

/* Begin PBXFrameworksBuildPhase section */
		CC80395B1D2FFC2D005C1BC1 /* Frameworks */ = {
			isa = PBXFrameworksBuildPhase;
			buildActionMask = 2147483647;
			files = (
			);
			runOnlyForDeploymentPostprocessing = 0;
		};
/* End PBXFrameworksBuildPhase section */

/* Begin PBXGroup section */
		CC8039551D2FFC2D005C1BC1 = {
			isa = PBXGroup;
			children = (
				CC8039911D30018B005C1BC1 /* CORE DATA */,
				CC8039601D2FFC2D005C1BC1 /* Pair */,
				CC80395F1D2FFC2D005C1BC1 /* Products */,
			);
			sourceTree = "<group>";
		};
		CC80395F1D2FFC2D005C1BC1 /* Products */ = {
			isa = PBXGroup;
			children = (
				CC80395E1D2FFC2D005C1BC1 /* Pair.app */,
			);
			name = Products;
			sourceTree = "<group>";
		};
		CC8039601D2FFC2D005C1BC1 /* Pair */ = {
			isa = PBXGroup;
			children = (
				CC8039611D2FFC2D005C1BC1 /* AppDelegate.swift */,
				CC8039631D2FFC2D005C1BC1 /* ViewController.swift */,
				CC8039651D2FFC2D005C1BC1 /* Main.storyboard */,
				CC80396B1D2FFC2D005C1BC1 /* Assets.xcassets */,
				CC80396D1D2FFC2D005C1BC1 /* LaunchScreen.storyboard */,
				CC8039701D2FFC2D005C1BC1 /* Info.plist */,
				CC80398A1D300089005C1BC1 /* Pair.xcdatamodeld */,
			);
			path = Pair;
			sourceTree = "<group>";
		};
		CC8039911D30018B005C1BC1 /* CORE DATA */ = {
			isa = PBXGroup;
			children = (
				CC80398D1D300152005C1BC1 /* Person+CoreDataProperties.swift */,
				CC80398E1D300152005C1BC1 /* Person.swift */,
				CC8039861D300046005C1BC1 /* Group+CoreDataProperties.swift */,
				CC8039881D300053005C1BC1 /* Group.swift */,
				CC8039921D3001BB005C1BC1 /* Stack.swift */,
			);
			name = "CORE DATA";
			sourceTree = "<group>";
		};
/* End PBXGroup section */

/* Begin PBXNativeTarget section */
		CC80395D1D2FFC2D005C1BC1 /* Pair */ = {
			isa = PBXNativeTarget;
			buildConfigurationList = CC8039731D2FFC2D005C1BC1 /* Build configuration list for PBXNativeTarget "Pair" */;
			buildPhases = (
				CC80395A1D2FFC2D005C1BC1 /* Sources */,
				CC80395B1D2FFC2D005C1BC1 /* Frameworks */,
				CC80395C1D2FFC2D005C1BC1 /* Resources */,
			);
			buildRules = (
			);
			dependencies = (
			);
			name = Pair;
			productName = Pair;
			productReference = CC80395E1D2FFC2D005C1BC1 /* Pair.app */;
			productType = "com.apple.product-type.application";
		};
/* End PBXNativeTarget section */

/* Begin PBXProject section */
		CC8039561D2FFC2D005C1BC1 /* Project object */ = {
			isa = PBXProject;
			attributes = {
				LastSwiftUpdateCheck = 0730;
				LastUpgradeCheck = 0730;
				ORGANIZATIONNAME = "Eva Bresciano";
				TargetAttributes = {
					CC80395D1D2FFC2D005C1BC1 = {
						CreatedOnToolsVersion = 7.3;
						DevelopmentTeam = WP96JMRW5V;
					};
				};
			};
			buildConfigurationList = CC8039591D2FFC2D005C1BC1 /* Build configuration list for PBXProject "Pair" */;
			compatibilityVersion = "Xcode 3.2";
			developmentRegion = English;
			hasScannedForEncodings = 0;
			knownRegions = (
				en,
				Base,
			);
			mainGroup = CC8039551D2FFC2D005C1BC1;
			productRefGroup = CC80395F1D2FFC2D005C1BC1 /* Products */;
			projectDirPath = "";
			projectRoot = "";
			targets = (
				CC80395D1D2FFC2D005C1BC1 /* Pair */,
			);
		};
/* End PBXProject section */

/* Begin PBXResourcesBuildPhase section */
		CC80395C1D2FFC2D005C1BC1 /* Resources */ = {
			isa = PBXResourcesBuildPhase;
			buildActionMask = 2147483647;
			files = (
				CC80396F1D2FFC2D005C1BC1 /* LaunchScreen.storyboard in Resources */,
				CC80396C1D2FFC2D005C1BC1 /* Assets.xcassets in Resources */,
				CC8039671D2FFC2D005C1BC1 /* Main.storyboard in Resources */,
			);
			runOnlyForDeploymentPostprocessing = 0;
		};
/* End PBXResourcesBuildPhase section */

/* Begin PBXSourcesBuildPhase section */
		CC80395A1D2FFC2D005C1BC1 /* Sources */ = {
			isa = PBXSourcesBuildPhase;
			buildActionMask = 2147483647;
			files = (
				CC8039891D300053005C1BC1 /* Group.swift in Sources */,
				CC8039871D300046005C1BC1 /* Group+CoreDataProperties.swift in Sources */,
				CC8039641D2FFC2D005C1BC1 /* ViewController.swift in Sources */,
				CC80398F1D300152005C1BC1 /* Person+CoreDataProperties.swift in Sources */,
				CC8039931D3001BB005C1BC1 /* Stack.swift in Sources */,
				CC80398C1D300089005C1BC1 /* Pair.xcdatamodeld in Sources */,
				CC8039901D300152005C1BC1 /* Person.swift in Sources */,
				CC8039621D2FFC2D005C1BC1 /* AppDelegate.swift in Sources */,
			);
			runOnlyForDeploymentPostprocessing = 0;
		};
/* End PBXSourcesBuildPhase section */

/* Begin PBXVariantGroup section */
		CC8039651D2FFC2D005C1BC1 /* Main.storyboard */ = {
			isa = PBXVariantGroup;
			children = (
				CC8039661D2FFC2D005C1BC1 /* Base */,
			);
			name = Main.storyboard;
			sourceTree = "<group>";
		};
		CC80396D1D2FFC2D005C1BC1 /* LaunchScreen.storyboard */ = {
			isa = PBXVariantGroup;
			children = (
				CC80396E1D2FFC2D005C1BC1 /* Base */,
			);
			name = LaunchScreen.storyboard;
			sourceTree = "<group>";
		};
/* End PBXVariantGroup section */

/* Begin XCBuildConfiguration section */
		CC8039711D2FFC2D005C1BC1 /* Debug */ = {
			isa = XCBuildConfiguration;
			buildSettings = {
				ALWAYS_SEARCH_USER_PATHS = NO;
				CLANG_ANALYZER_NONNULL = YES;
				CLANG_CXX_LANGUAGE_STANDARD = "gnu++0x";
				CLANG_CXX_LIBRARY = "libc++";
				CLANG_ENABLE_MODULES = YES;
				CLANG_ENABLE_OBJC_ARC = YES;
				CLANG_WARN_BOOL_CONVERSION = YES;
				CLANG_WARN_CONSTANT_CONVERSION = YES;
				CLANG_WARN_DIRECT_OBJC_ISA_USAGE = YES_ERROR;
				CLANG_WARN_EMPTY_BODY = YES;
				CLANG_WARN_ENUM_CONVERSION = YES;
				CLANG_WARN_INT_CONVERSION = YES;
				CLANG_WARN_OBJC_ROOT_CLASS = YES_ERROR;
				CLANG_WARN_UNREACHABLE_CODE = YES;
				CLANG_WARN__DUPLICATE_METHOD_MATCH = YES;
				"CODE_SIGN_IDENTITY[sdk=iphoneos*]" = "iPhone Developer";
				COPY_PHASE_STRIP = NO;
				DEBUG_INFORMATION_FORMAT = dwarf;
				ENABLE_STRICT_OBJC_MSGSEND = YES;
				ENABLE_TESTABILITY = YES;
				GCC_C_LANGUAGE_STANDARD = gnu99;
				GCC_DYNAMIC_NO_PIC = NO;
				GCC_NO_COMMON_BLOCKS = YES;
				GCC_OPTIMIZATION_LEVEL = 0;
				GCC_PREPROCESSOR_DEFINITIONS = (
					"DEBUG=1",
					"$(inherited)",
				);
				GCC_WARN_64_TO_32_BIT_CONVERSION = YES;
				GCC_WARN_ABOUT_RETURN_TYPE = YES_ERROR;
				GCC_WARN_UNDECLARED_SELECTOR = YES;
				GCC_WARN_UNINITIALIZED_AUTOS = YES_AGGRESSIVE;
				GCC_WARN_UNUSED_FUNCTION = YES;
				GCC_WARN_UNUSED_VARIABLE = YES;
				IPHONEOS_DEPLOYMENT_TARGET = 9.3;
				MTL_ENABLE_DEBUG_INFO = YES;
				ONLY_ACTIVE_ARCH = YES;
				SDKROOT = iphoneos;
				SWIFT_OPTIMIZATION_LEVEL = "-Onone";
				TARGETED_DEVICE_FAMILY = "1,2";
			};
			name = Debug;
		};
		CC8039721D2FFC2D005C1BC1 /* Release */ = {
			isa = XCBuildConfiguration;
			buildSettings = {
				ALWAYS_SEARCH_USER_PATHS = NO;
				CLANG_ANALYZER_NONNULL = YES;
				CLANG_CXX_LANGUAGE_STANDARD = "gnu++0x";
				CLANG_CXX_LIBRARY = "libc++";
				CLANG_ENABLE_MODULES = YES;
				CLANG_ENABLE_OBJC_ARC = YES;
				CLANG_WARN_BOOL_CONVERSION = YES;
				CLANG_WARN_CONSTANT_CONVERSION = YES;
				CLANG_WARN_DIRECT_OBJC_ISA_USAGE = YES_ERROR;
				CLANG_WARN_EMPTY_BODY = YES;
				CLANG_WARN_ENUM_CONVERSION = YES;
				CLANG_WARN_INT_CONVERSION = YES;
				CLANG_WARN_OBJC_ROOT_CLASS = YES_ERROR;
				CLANG_WARN_UNREACHABLE_CODE = YES;
				CLANG_WARN__DUPLICATE_METHOD_MATCH = YES;
				"CODE_SIGN_IDENTITY[sdk=iphoneos*]" = "iPhone Developer";
				COPY_PHASE_STRIP = NO;
				DEBUG_INFORMATION_FORMAT = "dwarf-with-dsym";
				ENABLE_NS_ASSERTIONS = NO;
				ENABLE_STRICT_OBJC_MSGSEND = YES;
				GCC_C_LANGUAGE_STANDARD = gnu99;
				GCC_NO_COMMON_BLOCKS = YES;
				GCC_WARN_64_TO_32_BIT_CONVERSION = YES;
				GCC_WARN_ABOUT_RETURN_TYPE = YES_ERROR;
				GCC_WARN_UNDECLARED_SELECTOR = YES;
				GCC_WARN_UNINITIALIZED_AUTOS = YES_AGGRESSIVE;
				GCC_WARN_UNUSED_FUNCTION = YES;
				GCC_WARN_UNUSED_VARIABLE = YES;
				IPHONEOS_DEPLOYMENT_TARGET = 9.3;
				MTL_ENABLE_DEBUG_INFO = NO;
				SDKROOT = iphoneos;
				TARGETED_DEVICE_FAMILY = "1,2";
				VALIDATE_PRODUCT = YES;
			};
			name = Release;
		};
		CC8039741D2FFC2D005C1BC1 /* Debug */ = {
			isa = XCBuildConfiguration;
			buildSettings = {
				ASSETCATALOG_COMPILER_APPICON_NAME = AppIcon;
				INFOPLIST_FILE = Pair/Info.plist;
				LD_RUNPATH_SEARCH_PATHS = "$(inherited) @executable_path/Frameworks";
				PRODUCT_BUNDLE_IDENTIFIER = com.example..Pair;
				PRODUCT_NAME = "$(TARGET_NAME)";
			};
			name = Debug;
		};
		CC8039751D2FFC2D005C1BC1 /* Release */ = {
			isa = XCBuildConfiguration;
			buildSettings = {
				ASSETCATALOG_COMPILER_APPICON_NAME = AppIcon;
				INFOPLIST_FILE = Pair/Info.plist;
				LD_RUNPATH_SEARCH_PATHS = "$(inherited) @executable_path/Frameworks";
				PRODUCT_BUNDLE_IDENTIFIER = com.example..Pair;
				PRODUCT_NAME = "$(TARGET_NAME)";
			};
			name = Release;
		};
/* End XCBuildConfiguration section */

/* Begin XCConfigurationList section */
		CC8039591D2FFC2D005C1BC1 /* Build configuration list for PBXProject "Pair" */ = {
			isa = XCConfigurationList;
			buildConfigurations = (
				CC8039711D2FFC2D005C1BC1 /* Debug */,
				CC8039721D2FFC2D005C1BC1 /* Release */,
			);
			defaultConfigurationIsVisible = 0;
			defaultConfigurationName = Release;
		};
		CC8039731D2FFC2D005C1BC1 /* Build configuration list for PBXNativeTarget "Pair" */ = {
			isa = XCConfigurationList;
			buildConfigurations = (
				CC8039741D2FFC2D005C1BC1 /* Debug */,
				CC8039751D2FFC2D005C1BC1 /* Release */,
			);
			defaultConfigurationIsVisible = 0;
			defaultConfigurationName = Release;
		};
/* End XCConfigurationList section */

/* Begin XCVersionGroup section */
		CC80398A1D300089005C1BC1 /* Pair.xcdatamodeld */ = {
			isa = XCVersionGroup;
			children = (
				CC80398B1D300089005C1BC1 /* Pair.xcdatamodel */,
			);
			currentVersion = CC80398B1D300089005C1BC1 /* Pair.xcdatamodel */;
			path = Pair.xcdatamodeld;
			sourceTree = "<group>";
			versionGroupType = wrapper.xcdatamodel;
		};
/* End XCVersionGroup section */
	};
	rootObject = CC8039561D2FFC2D005C1BC1 /* Project object */;
}
